
Microsoft Visual Studio Solution File, Format Version 12.00
# Visual Studio Version 17
VisualStudioVersion = 17.14.36717.8
MinimumVisualStudioVersion = 10.0.40219.1
Project("{FAE04EC0-301F-11D3-BF4B-00C04F79EFBC}") = "Torneo.Modelos", "Torneo.Modelos\Torneo.Modelos.csproj", "{F1075B4A-943A-4681-8DFE-CA388D982DEE}"
EndProject
Project("{FAE04EC0-301F-11D3-BF4B-00C04F79EFBC}") = "Modelos.API", "Modelos.API\Modelos.API.csproj", "{662EBD13-2E46-42E4-AFEB-4CC4B8CA04B6}"
EndProject
Project("{FAE04EC0-301F-11D3-BF4B-00C04F79EFBC}") = "Torneo.ApiTest", "Torneo.ApiTest\Torneo.ApiTest.csproj", "{CD1B9A60-0E02-4E84-A0FB-C2A91988DDD1}"
EndProject
Project("{2150E333-8FDC-42A3-9474-1A3956D46DE8}") = "Elementos de la solución", "Elementos de la solución", "{D107F4C8-89CC-BEA8-D3D7-CA6B7733353D}"
	ProjectSection(SolutionItems) = preProject
		Dockerfile = Dockerfile
	EndProjectSection
EndProject
Global
	GlobalSection(SolutionConfigurationPlatforms) = preSolution
		Debug|Any CPU = Debug|Any CPU
		Release|Any CPU = Release|Any CPU
	EndGlobalSection
	GlobalSection(ProjectConfigurationPlatforms) = postSolution
		{F1075B4A-943A-4681-8DFE-CA388D982DEE}.Debug|Any CPU.ActiveCfg = Debug|Any CPU
		{F1075B4A-943A-4681-8DFE-CA388D982DEE}.Debug|Any CPU.Build.0 = Debug|Any CPU
		{F1075B4A-943A-4681-8DFE-CA388D982DEE}.Release|Any CPU.ActiveCfg = Release|Any CPU
		{F1075B4A-943A-4681-8DFE-CA388D982DEE}.Release|Any CPU.Build.0 = Release|Any CPU
		{662EBD13-2E46-42E4-AFEB-4CC4B8CA04B6}.Debug|Any CPU.ActiveCfg = Debug|Any CPU
		{662EBD13-2E46-42E4-AFEB-4CC4B8CA04B6}.Debug|Any CPU.Build.0 = Debug|Any CPU
		{662EBD13-2E46-42E4-AFEB-4CC4B8CA04B6}.Release|Any CPU.ActiveCfg = Release|Any CPU
		{662EBD13-2E46-42E4-AFEB-4CC4B8CA04B6}.Release|Any CPU.Build.0 = Release|Any CPU
		{CD1B9A60-0E02-4E84-A0FB-C2A91988DDD1}.Debug|Any CPU.ActiveCfg = Debug|Any CPU
		{CD1B9A60-0E02-4E84-A0FB-C2A91988DDD1}.Debug|Any CPU.Build.0 = Debug|Any CPU
		{CD1B9A60-0E02-4E84-A0FB-C2A91988DDD1}.Release|Any CPU.ActiveCfg = Release|Any CPU
		{CD1B9A60-0E02-4E84-A0FB-C2A91988DDD1}.Release|Any CPU.Build.0 = Release|Any CPU
	EndGlobalSection
	GlobalSection(SolutionProperties) = preSolution
		HideSolutionNode = FALSE
	EndGlobalSection
	GlobalSection(ExtensibilityGlobals) = postSolution
		SolutionGuid = {76A08412-DFA0-4827-86CC-9E67E2315A76}
	EndGlobalSection
EndGlobal
